// !$*UTF8*$!
{
	archiveVersion = 1;
	classes = {
	};
	objectVersion = 46;
	objects = {

/* Begin PBXBuildFile section */
		1E26EF631FA2487800B76DCE /* MapViewController.m in Sources */ = {isa = PBXBuildFile; fileRef = 1E26EF621FA2487800B76DCE /* MapViewController.m */; };
		1E6F55921FA2479500CE214D /* main.m in Sources */ = {isa = PBXBuildFile; fileRef = 1E6F55911FA2479500CE214D /* main.m */; };
		1E6F55951FA2479500CE214D /* AppDelegate.m in Sources */ = {isa = PBXBuildFile; fileRef = 1E6F55941FA2479500CE214D /* AppDelegate.m */; };
		1E6F559B1FA2479500CE214D /* Main.storyboard in Resources */ = {isa = PBXBuildFile; fileRef = 1E6F55991FA2479500CE214D /* Main.storyboard */; };
		1E6F559D1FA2479500CE214D /* Assets.xcassets in Resources */ = {isa = PBXBuildFile; fileRef = 1E6F559C1FA2479500CE214D /* Assets.xcassets */; };
		1E6F55A01FA2479500CE214D /* LaunchScreen.storyboard in Resources */ = {isa = PBXBuildFile; fileRef = 1E6F559E1FA2479500CE214D /* LaunchScreen.storyboard */; };
		1E6F55A91FA247B000CE214D /* ListViewController.m in Sources */ = {isa = PBXBuildFile; fileRef = 1E6F55A81FA247B000CE214D /* ListViewController.m */; };
		1E7547461FA3451C00739368 /* WorldTravelerModel.xcdatamodeld in Sources */ = {isa = PBXBuildFile; fileRef = 1E7547441FA3451C00739368 /* WorldTravelerModel.xcdatamodeld */; };
		1E7547671FA3846A00739368 /* WTRecord.m in Sources */ = {isa = PBXBuildFile; fileRef = 1E7547661FA3846A00739368 /* WTRecord.m */; };
		1E778AB71FA4981B00B6C9CB /* Venue+CoreDataClass.m in Sources */ = {isa = PBXBuildFile; fileRef = 1E778AA41FA4981B00B6C9CB /* Venue+CoreDataClass.m */; };
		1E778AB81FA4981B00B6C9CB /* Venue+CoreDataProperties.m in Sources */ = {isa = PBXBuildFile; fileRef = 1E778AA61FA4981B00B6C9CB /* Venue+CoreDataProperties.m */; };
		1E778AB91FA4981B00B6C9CB /* FSCategory+CoreDataClass.m in Sources */ = {isa = PBXBuildFile; fileRef = 1E778AA81FA4981B00B6C9CB /* FSCategory+CoreDataClass.m */; };
		1E778ABA1FA4981B00B6C9CB /* FSCategory+CoreDataProperties.m in Sources */ = {isa = PBXBuildFile; fileRef = 1E778AAA1FA4981B00B6C9CB /* FSCategory+CoreDataProperties.m */; };
		1E778ABB1FA4981B00B6C9CB /* Contact+CoreDataClass.m in Sources */ = {isa = PBXBuildFile; fileRef = 1E778AAC1FA4981B00B6C9CB /* Contact+CoreDataClass.m */; };
		1E778ABC1FA4981B00B6C9CB /* Contact+CoreDataProperties.m in Sources */ = {isa = PBXBuildFile; fileRef = 1E778AAE1FA4981B00B6C9CB /* Contact+CoreDataProperties.m */; };
		1E778ABD1FA4981B00B6C9CB /* Location+CoreDataClass.m in Sources */ = {isa = PBXBuildFile; fileRef = 1E778AB01FA4981B00B6C9CB /* Location+CoreDataClass.m */; };
		1E778ABE1FA4981B00B6C9CB /* Location+CoreDataProperties.m in Sources */ = {isa = PBXBuildFile; fileRef = 1E778AB21FA4981B00B6C9CB /* Location+CoreDataProperties.m */; };
		1E778ABF1FA4981B00B6C9CB /* Menu+CoreDataClass.m in Sources */ = {isa = PBXBuildFile; fileRef = 1E778AB41FA4981B00B6C9CB /* Menu+CoreDataClass.m */; };
		1E778AC01FA4981B00B6C9CB /* Menu+CoreDataProperties.m in Sources */ = {isa = PBXBuildFile; fileRef = 1E778AB61FA4981B00B6C9CB /* Menu+CoreDataProperties.m */; };
		78322BB55ECD5A13D7C9472F /* libPods-World Traveler.a in Frameworks */ = {isa = PBXBuildFile; fileRef = DC50E1DB40B571B3CCFF6833 /* libPods-World Traveler.a */; };
/* End PBXBuildFile section */

/* Begin PBXFileReference section */
		15FF738B07CA02052D233E64 /* Pods-World Traveler.release.xcconfig */ = {isa = PBXFileReference; includeInIndex = 1; lastKnownFileType = text.xcconfig; name = "Pods-World Traveler.release.xcconfig"; path = "Pods/Target Support Files/Pods-World Traveler/Pods-World Traveler.release.xcconfig"; sourceTree = "<group>"; };
		1E26EF611FA2487800B76DCE /* MapViewController.h */ = {isa = PBXFileReference; fileEncoding = 4; lastKnownFileType = sourcecode.c.h; path = MapViewController.h; sourceTree = "<group>"; };
		1E26EF621FA2487800B76DCE /* MapViewController.m */ = {isa = PBXFileReference; fileEncoding = 4; lastKnownFileType = sourcecode.c.objc; path = MapViewController.m; sourceTree = "<group>"; };
		1E6F558D1FA2479500CE214D /* World Traveler.app */ = {isa = PBXFileReference; explicitFileType = wrapper.application; includeInIndex = 0; path = "World Traveler.app"; sourceTree = BUILT_PRODUCTS_DIR; };
		1E6F55911FA2479500CE214D /* main.m */ = {isa = PBXFileReference; lastKnownFileType = sourcecode.c.objc; path = main.m; sourceTree = "<group>"; };
		1E6F55931FA2479500CE214D /* AppDelegate.h */ = {isa = PBXFileReference; lastKnownFileType = sourcecode.c.h; path = AppDelegate.h; sourceTree = "<group>"; };
		1E6F55941FA2479500CE214D /* AppDelegate.m */ = {isa = PBXFileReference; lastKnownFileType = sourcecode.c.objc; path = AppDelegate.m; sourceTree = "<group>"; };
		1E6F559A1FA2479500CE214D /* Base */ = {isa = PBXFileReference; lastKnownFileType = file.storyboard; name = Base; path = Base.lproj/Main.storyboard; sourceTree = "<group>"; };
		1E6F559C1FA2479500CE214D /* Assets.xcassets */ = {isa = PBXFileReference; lastKnownFileType = folder.assetcatalog; path = Assets.xcassets; sourceTree = "<group>"; };
		1E6F559F1FA2479500CE214D /* Base */ = {isa = PBXFileReference; lastKnownFileType = file.storyboard; name = Base; path = Base.lproj/LaunchScreen.storyboard; sourceTree = "<group>"; };
		1E6F55A11FA2479500CE214D /* Info.plist */ = {isa = PBXFileReference; lastKnownFileType = text.plist.xml; path = Info.plist; sourceTree = "<group>"; };
		1E6F55A71FA247B000CE214D /* ListViewController.h */ = {isa = PBXFileReference; fileEncoding = 4; lastKnownFileType = sourcecode.c.h; path = ListViewController.h; sourceTree = "<group>"; };
		1E6F55A81FA247B000CE214D /* ListViewController.m */ = {isa = PBXFileReference; fileEncoding = 4; lastKnownFileType = sourcecode.c.objc; path = ListViewController.m; sourceTree = "<group>"; };
		1E7547451FA3451C00739368 /* WorldTravelerModel.xcdatamodel */ = {isa = PBXFileReference; lastKnownFileType = wrapper.xcdatamodel; path = WorldTravelerModel.xcdatamodel; sourceTree = "<group>"; };
		1E7547651FA3846A00739368 /* WTRecord.h */ = {isa = PBXFileReference; fileEncoding = 4; lastKnownFileType = sourcecode.c.h; path = WTRecord.h; sourceTree = "<group>"; };
		1E7547661FA3846A00739368 /* WTRecord.m */ = {isa = PBXFileReference; fileEncoding = 4; lastKnownFileType = sourcecode.c.objc; path = WTRecord.m; sourceTree = "<group>"; };
		1E778AA31FA4981B00B6C9CB /* Venue+CoreDataClass.h */ = {isa = PBXFileReference; fileEncoding = 4; lastKnownFileType = sourcecode.c.h; path = "Venue+CoreDataClass.h"; sourceTree = "<group>"; };
		1E778AA41FA4981B00B6C9CB /* Venue+CoreDataClass.m */ = {isa = PBXFileReference; fileEncoding = 4; lastKnownFileType = sourcecode.c.objc; path = "Venue+CoreDataClass.m"; sourceTree = "<group>"; };
		1E778AA51FA4981B00B6C9CB /* Venue+CoreDataProperties.h */ = {isa = PBXFileReference; fileEncoding = 4; lastKnownFileType = sourcecode.c.h; path = "Venue+CoreDataProperties.h"; sourceTree = "<group>"; };
		1E778AA61FA4981B00B6C9CB /* Venue+CoreDataProperties.m */ = {isa = PBXFileReference; fileEncoding = 4; lastKnownFileType = sourcecode.c.objc; path = "Venue+CoreDataProperties.m"; sourceTree = "<group>"; };
		1E778AA71FA4981B00B6C9CB /* FSCategory+CoreDataClass.h */ = {isa = PBXFileReference; fileEncoding = 4; lastKnownFileType = sourcecode.c.h; path = "FSCategory+CoreDataClass.h"; sourceTree = "<group>"; };
		1E778AA81FA4981B00B6C9CB /* FSCategory+CoreDataClass.m */ = {isa = PBXFileReference; fileEncoding = 4; lastKnownFileType = sourcecode.c.objc; path = "FSCategory+CoreDataClass.m"; sourceTree = "<group>"; };
		1E778AA91FA4981B00B6C9CB /* FSCategory+CoreDataProperties.h */ = {isa = PBXFileReference; fileEncoding = 4; lastKnownFileType = sourcecode.c.h; path = "FSCategory+CoreDataProperties.h"; sourceTree = "<group>"; };
		1E778AAA1FA4981B00B6C9CB /* FSCategory+CoreDataProperties.m */ = {isa = PBXFileReference; fileEncoding = 4; lastKnownFileType = sourcecode.c.objc; path = "FSCategory+CoreDataProperties.m"; sourceTree = "<group>"; };
		1E778AAB1FA4981B00B6C9CB /* Contact+CoreDataClass.h */ = {isa = PBXFileReference; fileEncoding = 4; lastKnownFileType = sourcecode.c.h; path = "Contact+CoreDataClass.h"; sourceTree = "<group>"; };
		1E778AAC1FA4981B00B6C9CB /* Contact+CoreDataClass.m */ = {isa = PBXFileReference; fileEncoding = 4; lastKnownFileType = sourcecode.c.objc; path = "Contact+CoreDataClass.m"; sourceTree = "<group>"; };
		1E778AAD1FA4981B00B6C9CB /* Contact+CoreDataProperties.h */ = {isa = PBXFileReference; fileEncoding = 4; lastKnownFileType = sourcecode.c.h; path = "Contact+CoreDataProperties.h"; sourceTree = "<group>"; };
		1E778AAE1FA4981B00B6C9CB /* Contact+CoreDataProperties.m */ = {isa = PBXFileReference; fileEncoding = 4; lastKnownFileType = sourcecode.c.objc; path = "Contact+CoreDataProperties.m"; sourceTree = "<group>"; };
		1E778AAF1FA4981B00B6C9CB /* Location+CoreDataClass.h */ = {isa = PBXFileReference; fileEncoding = 4; lastKnownFileType = sourcecode.c.h; path = "Location+CoreDataClass.h"; sourceTree = "<group>"; };
		1E778AB01FA4981B00B6C9CB /* Location+CoreDataClass.m */ = {isa = PBXFileReference; fileEncoding = 4; lastKnownFileType = sourcecode.c.objc; path = "Location+CoreDataClass.m"; sourceTree = "<group>"; };
		1E778AB11FA4981B00B6C9CB /* Location+CoreDataProperties.h */ = {isa = PBXFileReference; fileEncoding = 4; lastKnownFileType = sourcecode.c.h; path = "Location+CoreDataProperties.h"; sourceTree = "<group>"; };
		1E778AB21FA4981B00B6C9CB /* Location+CoreDataProperties.m */ = {isa = PBXFileReference; fileEncoding = 4; lastKnownFileType = sourcecode.c.objc; path = "Location+CoreDataProperties.m"; sourceTree = "<group>"; };
		1E778AB31FA4981B00B6C9CB /* Menu+CoreDataClass.h */ = {isa = PBXFileReference; fileEncoding = 4; lastKnownFileType = sourcecode.c.h; path = "Menu+CoreDataClass.h"; sourceTree = "<group>"; };
		1E778AB41FA4981B00B6C9CB /* Menu+CoreDataClass.m */ = {isa = PBXFileReference; fileEncoding = 4; lastKnownFileType = sourcecode.c.objc; path = "Menu+CoreDataClass.m"; sourceTree = "<group>"; };
		1E778AB51FA4981B00B6C9CB /* Menu+CoreDataProperties.h */ = {isa = PBXFileReference; fileEncoding = 4; lastKnownFileType = sourcecode.c.h; path = "Menu+CoreDataProperties.h"; sourceTree = "<group>"; };
		1E778AB61FA4981B00B6C9CB /* Menu+CoreDataProperties.m */ = {isa = PBXFileReference; fileEncoding = 4; lastKnownFileType = sourcecode.c.objc; path = "Menu+CoreDataProperties.m"; sourceTree = "<group>"; };
		CA900A790CC58E4D61FBF87A /* Pods-World Traveler.debug.xcconfig */ = {isa = PBXFileReference; includeInIndex = 1; lastKnownFileType = text.xcconfig; name = "Pods-World Traveler.debug.xcconfig"; path = "Pods/Target Support Files/Pods-World Traveler/Pods-World Traveler.debug.xcconfig"; sourceTree = "<group>"; };
		DC50E1DB40B571B3CCFF6833 /* libPods-World Traveler.a */ = {isa = PBXFileReference; explicitFileType = archive.ar; includeInIndex = 0; path = "libPods-World Traveler.a"; sourceTree = BUILT_PRODUCTS_DIR; };
/* End PBXFileReference section */

/* Begin PBXFrameworksBuildPhase section */
		1E6F558A1FA2479500CE214D /* Frameworks */ = {
			isa = PBXFrameworksBuildPhase;
			buildActionMask = 2147483647;
			files = (
				78322BB55ECD5A13D7C9472F /* libPods-World Traveler.a in Frameworks */,
			);
			runOnlyForDeploymentPostprocessing = 0;
		};
/* End PBXFrameworksBuildPhase section */

/* Begin PBXGroup section */
		1E6F55841FA2479500CE214D = {
			isa = PBXGroup;
			children = (
				1E6F558F1FA2479500CE214D /* World Traveler */,
				1E6F558E1FA2479500CE214D /* Products */,
				E80BA53F08F5C856591D1C99 /* Pods */,
				6EE95ED77A9D33EBD2AF6F7C /* Frameworks */,
			);
			sourceTree = "<group>";
		};
		1E6F558E1FA2479500CE214D /* Products */ = {
			isa = PBXGroup;
			children = (
				1E6F558D1FA2479500CE214D /* World Traveler.app */,
			);
			name = Products;
			sourceTree = "<group>";
		};
		1E6F558F1FA2479500CE214D /* World Traveler */ = {
			isa = PBXGroup;
			children = (
				1E7547421FA344D900739368 /* Initialization */,
				1E7547411FA344CE00739368 /* Views */,
				1E7547401FA344C600739368 /* Model */,
				1E6F559C1FA2479500CE214D /* Assets.xcassets */,
				1E6F559E1FA2479500CE214D /* LaunchScreen.storyboard */,
				1E6F55A11FA2479500CE214D /* Info.plist */,
				1E6F55901FA2479500CE214D /* Supporting Files */,
			);
			path = "World Traveler";
			sourceTree = "<group>";
		};
		1E6F55901FA2479500CE214D /* Supporting Files */ = {
			isa = PBXGroup;
			children = (
				1E6F55911FA2479500CE214D /* main.m */,
			);
			name = "Supporting Files";
			sourceTree = "<group>";
		};
		1E7547401FA344C600739368 /* Model */ = {
			isa = PBXGroup;
			children = (
				1E7547441FA3451C00739368 /* WorldTravelerModel.xcdatamodeld */,
				1E7547431FA3450500739368 /* Models */,
			);
			name = Model;
			sourceTree = "<group>";
		};
		1E7547411FA344CE00739368 /* Views */ = {
			isa = PBXGroup;
			children = (
				1E6F55A71FA247B000CE214D /* ListViewController.h */,
				1E6F55A81FA247B000CE214D /* ListViewController.m */,
				1E26EF611FA2487800B76DCE /* MapViewController.h */,
				1E26EF621FA2487800B76DCE /* MapViewController.m */,
			);
			name = Views;
			sourceTree = "<group>";
		};
		1E7547421FA344D900739368 /* Initialization */ = {
			isa = PBXGroup;
			children = (
				1E6F55931FA2479500CE214D /* AppDelegate.h */,
				1E6F55941FA2479500CE214D /* AppDelegate.m */,
				1E6F55991FA2479500CE214D /* Main.storyboard */,
			);
			name = Initialization;
			sourceTree = "<group>";
		};
		1E7547431FA3450500739368 /* Models */ = {
			isa = PBXGroup;
			children = (
				1E778AA31FA4981B00B6C9CB /* Venue+CoreDataClass.h */,
				1E778AA41FA4981B00B6C9CB /* Venue+CoreDataClass.m */,
				1E778AA51FA4981B00B6C9CB /* Venue+CoreDataProperties.h */,
				1E778AA61FA4981B00B6C9CB /* Venue+CoreDataProperties.m */,
				1E778AA71FA4981B00B6C9CB /* FSCategory+CoreDataClass.h */,
				1E778AA81FA4981B00B6C9CB /* FSCategory+CoreDataClass.m */,
				1E778AA91FA4981B00B6C9CB /* FSCategory+CoreDataProperties.h */,
				1E778AAA1FA4981B00B6C9CB /* FSCategory+CoreDataProperties.m */,
				1E778AAB1FA4981B00B6C9CB /* Contact+CoreDataClass.h */,
				1E778AAC1FA4981B00B6C9CB /* Contact+CoreDataClass.m */,
				1E778AAD1FA4981B00B6C9CB /* Contact+CoreDataProperties.h */,
				1E778AAE1FA4981B00B6C9CB /* Contact+CoreDataProperties.m */,
				1E778AAF1FA4981B00B6C9CB /* Location+CoreDataClass.h */,
				1E778AB01FA4981B00B6C9CB /* Location+CoreDataClass.m */,
				1E778AB11FA4981B00B6C9CB /* Location+CoreDataProperties.h */,
				1E778AB21FA4981B00B6C9CB /* Location+CoreDataProperties.m */,
				1E778AB31FA4981B00B6C9CB /* Menu+CoreDataClass.h */,
				1E778AB41FA4981B00B6C9CB /* Menu+CoreDataClass.m */,
				1E778AB51FA4981B00B6C9CB /* Menu+CoreDataProperties.h */,
				1E778AB61FA4981B00B6C9CB /* Menu+CoreDataProperties.m */,
				1E7547651FA3846A00739368 /* WTRecord.h */,
				1E7547661FA3846A00739368 /* WTRecord.m */,
			);
			name = Models;
			sourceTree = "<group>";
		};
		6EE95ED77A9D33EBD2AF6F7C /* Frameworks */ = {
			isa = PBXGroup;
			children = (
				DC50E1DB40B571B3CCFF6833 /* libPods-World Traveler.a */,
			);
			name = Frameworks;
			sourceTree = "<group>";
		};
		E80BA53F08F5C856591D1C99 /* Pods */ = {
			isa = PBXGroup;
			children = (
				CA900A790CC58E4D61FBF87A /* Pods-World Traveler.debug.xcconfig */,
				15FF738B07CA02052D233E64 /* Pods-World Traveler.release.xcconfig */,
			);
			name = Pods;
			sourceTree = "<group>";
		};
/* End PBXGroup section */

/* Begin PBXNativeTarget section */
		1E6F558C1FA2479500CE214D /* World Traveler */ = {
			isa = PBXNativeTarget;
			buildConfigurationList = 1E6F55A41FA2479600CE214D /* Build configuration list for PBXNativeTarget "World Traveler" */;
			buildPhases = (
				BC590E12CAAF695A7231F2E3 /* [CP] Check Pods Manifest.lock */,
				1E6F55891FA2479500CE214D /* Sources */,
				1E6F558A1FA2479500CE214D /* Frameworks */,
				1E6F558B1FA2479500CE214D /* Resources */,
				74BB25B7064ED28C262FA62D /* [CP] Embed Pods Frameworks */,
				801F98D573BBA99CABEFAD48 /* [CP] Copy Pods Resources */,
			);
			buildRules = (
			);
			dependencies = (
			);
			name = "World Traveler";
			productName = "World Traveler";
			productReference = 1E6F558D1FA2479500CE214D /* World Traveler.app */;
			productType = "com.apple.product-type.application";
		};
/* End PBXNativeTarget section */

/* Begin PBXProject section */
		1E6F55851FA2479500CE214D /* Project object */ = {
			isa = PBXProject;
			attributes = {
				LastUpgradeCheck = 0820;
				ORGANIZATIONNAME = murarivarma;
				TargetAttributes = {
					1E6F558C1FA2479500CE214D = {
						CreatedOnToolsVersion = 8.2.1;
						DevelopmentTeam = 3M8U7DTM95;
						ProvisioningStyle = Automatic;
					};
				};
			};
			buildConfigurationList = 1E6F55881FA2479500CE214D /* Build configuration list for PBXProject "World Traveler" */;
			compatibilityVersion = "Xcode 3.2";
			developmentRegion = English;
			hasScannedForEncodings = 0;
			knownRegions = (
				en,
				Base,
			);
			mainGroup = 1E6F55841FA2479500CE214D;
			productRefGroup = 1E6F558E1FA2479500CE214D /* Products */;
			projectDirPath = "";
			projectRoot = "";
			targets = (
				1E6F558C1FA2479500CE214D /* World Traveler */,
			);
		};
/* End PBXProject section */

/* Begin PBXResourcesBuildPhase section */
		1E6F558B1FA2479500CE214D /* Resources */ = {
			isa = PBXResourcesBuildPhase;
			buildActionMask = 2147483647;
			files = (
				1E6F55A01FA2479500CE214D /* LaunchScreen.storyboard in Resources */,
				1E6F559D1FA2479500CE214D /* Assets.xcassets in Resources */,
				1E6F559B1FA2479500CE214D /* Main.storyboard in Resources */,
			);
			runOnlyForDeploymentPostprocessing = 0;
		};
/* End PBXResourcesBuildPhase section */

/* Begin PBXShellScriptBuildPhase section */
		74BB25B7064ED28C262FA62D /* [CP] Embed Pods Frameworks */ = {
			isa = PBXShellScriptBuildPhase;
			buildActionMask = 2147483647;
			files = (
			);
			inputPaths = (
			);
			name = "[CP] Embed Pods Frameworks";
			outputPaths = (
			);
			runOnlyForDeploymentPostprocessing = 0;
			shellPath = /bin/sh;
			shellScript = "\"${SRCROOT}/Pods/Target Support Files/Pods-World Traveler/Pods-World Traveler-frameworks.sh\"\n";
			showEnvVarsInLog = 0;
		};
		801F98D573BBA99CABEFAD48 /* [CP] Copy Pods Resources */ = {
			isa = PBXShellScriptBuildPhase;
			buildActionMask = 2147483647;
			files = (
			);
			inputPaths = (
			);
			name = "[CP] Copy Pods Resources";
			outputPaths = (
			);
			runOnlyForDeploymentPostprocessing = 0;
			shellPath = /bin/sh;
			shellScript = "\"${SRCROOT}/Pods/Target Support Files/Pods-World Traveler/Pods-World Traveler-resources.sh\"\n";
			showEnvVarsInLog = 0;
		};
		BC590E12CAAF695A7231F2E3 /* [CP] Check Pods Manifest.lock */ = {
			isa = PBXShellScriptBuildPhase;
			buildActionMask = 2147483647;
			files = (
			);
			inputPaths = (
				"${PODS_PODFILE_DIR_PATH}/Podfile.lock",
				"${PODS_ROOT}/Manifest.lock",
			);
			name = "[CP] Check Pods Manifest.lock";
			outputPaths = (
				"$(DERIVED_FILE_DIR)/Pods-World Traveler-checkManifestLockResult.txt",
			);
			runOnlyForDeploymentPostprocessing = 0;
			shellPath = /bin/sh;
			shellScript = "diff \"${PODS_PODFILE_DIR_PATH}/Podfile.lock\" \"${PODS_ROOT}/Manifest.lock\" > /dev/null\nif [ $? != 0 ] ; then\n    # print error to STDERR\n    echo \"error: The sandbox is not in sync with the Podfile.lock. Run 'pod install' or update your CocoaPods installation.\" >&2\n    exit 1\nfi\n# This output is used by Xcode 'outputs' to avoid re-running this script phase.\necho \"SUCCESS\" > \"${SCRIPT_OUTPUT_FILE_0}\"\n";
			showEnvVarsInLog = 0;
		};
/* End PBXShellScriptBuildPhase section */

/* Begin PBXSourcesBuildPhase section */
		1E6F55891FA2479500CE214D /* Sources */ = {
			isa = PBXSourcesBuildPhase;
			buildActionMask = 2147483647;
			files = (
				1E6F55951FA2479500CE214D /* AppDelegate.m in Sources */,
				1E7547461FA3451C00739368 /* WorldTravelerModel.xcdatamodeld in Sources */,
				1E778AB71FA4981B00B6C9CB /* Venue+CoreDataClass.m in Sources */,
				1E778AB81FA4981B00B6C9CB /* Venue+CoreDataProperties.m in Sources */,
				1E778AC01FA4981B00B6C9CB /* Menu+CoreDataProperties.m in Sources */,
				1E778ABB1FA4981B00B6C9CB /* Contact+CoreDataClass.m in Sources */,
				1E6F55A91FA247B000CE214D /* ListViewController.m in Sources */,
				1E6F55921FA2479500CE214D /* main.m in Sources */,
				1E778ABF1FA4981B00B6C9CB /* Menu+CoreDataClass.m in Sources */,
				1E778ABA1FA4981B00B6C9CB /* FSCategory+CoreDataProperties.m in Sources */,
				1E778AB91FA4981B00B6C9CB /* FSCategory+CoreDataClass.m in Sources */,
				1E26EF631FA2487800B76DCE /* MapViewController.m in Sources */,
				1E778ABE1FA4981B00B6C9CB /* Location+CoreDataProperties.m in Sources */,
				1E778ABD1FA4981B00B6C9CB /* Location+CoreDataClass.m in Sources */,
				1E778ABC1FA4981B00B6C9CB /* Contact+CoreDataProperties.m in Sources */,
				1E7547671FA3846A00739368 /* WTRecord.m in Sources */,
			);
			runOnlyForDeploymentPostprocessing = 0;
		};
/* End PBXSourcesBuildPhase section */

/* Begin PBXVariantGroup section */
		1E6F55991FA2479500CE214D /* Main.storyboard */ = {
			isa = PBXVariantGroup;
			children = (
				1E6F559A1FA2479500CE214D /* Base */,
			);
			name = Main.storyboard;
			sourceTree = "<group>";
		};
		1E6F559E1FA2479500CE214D /* LaunchScreen.storyboard */ = {
			isa = PBXVariantGroup;
			children = (
				1E6F559F1FA2479500CE214D /* Base */,
			);
			name = LaunchScreen.storyboard;
			sourceTree = "<group>";
		};
/* End PBXVariantGroup section */

/* Begin XCBuildConfiguration section */
		1E6F55A21FA2479600CE214D /* Debug */ = {
			isa = XCBuildConfiguration;
			buildSettings = {
				ALWAYS_SEARCH_USER_PATHS = NO;
				CLANG_ANALYZER_NONNULL = YES;
				CLANG_CXX_LANGUAGE_STANDARD = "gnu++0x";
				CLANG_CXX_LIBRARY = "libc++";
				CLANG_ENABLE_MODULES = YES;
				CLANG_ENABLE_OBJC_ARC = YES;
				CLANG_WARN_BOOL_CONVERSION = YES;
				CLANG_WARN_CONSTANT_CONVERSION = YES;
				CLANG_WARN_DIRECT_OBJC_ISA_USAGE = YES_ERROR;
				CLANG_WARN_DOCUMENTATION_COMMENTS = YES;
				CLANG_WARN_EMPTY_BODY = YES;
				CLANG_WARN_ENUM_CONVERSION = YES;
				CLANG_WARN_INFINITE_RECURSION = YES;
				CLANG_WARN_INT_CONVERSION = YES;
				CLANG_WARN_OBJC_ROOT_CLASS = YES_ERROR;
				CLANG_WARN_SUSPICIOUS_MOVE = YES;
				CLANG_WARN_UNREACHABLE_CODE = YES;
				CLANG_WARN__DUPLICATE_METHOD_MATCH = YES;
				"CODE_SIGN_IDENTITY[sdk=iphoneos*]" = "iPhone Developer";
				COPY_PHASE_STRIP = NO;
				DEBUG_INFORMATION_FORMAT = dwarf;
				ENABLE_STRICT_OBJC_MSGSEND = YES;
				ENABLE_TESTABILITY = YES;
				GCC_C_LANGUAGE_STANDARD = gnu99;
				GCC_DYNAMIC_NO_PIC = NO;
				GCC_NO_COMMON_BLOCKS = YES;
				GCC_OPTIMIZATION_LEVEL = 0;
				GCC_PREPROCESSOR_DEFINITIONS = (
					"DEBUG=1",
					"$(inherited)",
				);
				GCC_WARN_64_TO_32_BIT_CONVERSION = YES;
				GCC_WARN_ABOUT_RETURN_TYPE = YES_ERROR;
				GCC_WARN_UNDECLARED_SELECTOR = YES;
				GCC_WARN_UNINITIALIZED_AUTOS = YES_AGGRESSIVE;
				GCC_WARN_UNUSED_FUNCTION = YES;
				GCC_WARN_UNUSED_VARIABLE = YES;
				IPHONEOS_DEPLOYMENT_TARGET = 10.2;
				MTL_ENABLE_DEBUG_INFO = YES;
				ONLY_ACTIVE_ARCH = YES;
				SDKROOT = iphoneos;
			};
			name = Debug;
		};
		1E6F55A31FA2479600CE214D /* Release */ = {
			isa = XCBuildConfiguration;
			buildSettings = {
				ALWAYS_SEARCH_USER_PATHS = NO;
				CLANG_ANALYZER_NONNULL = YES;
				CLANG_CXX_LANGUAGE_STANDARD = "gnu++0x";
				CLANG_CXX_LIBRARY = "libc++";
				CLANG_ENABLE_MODULES = YES;
				CLANG_ENABLE_OBJC_ARC = YES;
				CLANG_WARN_BOOL_CONVERSION = YES;
				CLANG_WARN_CONSTANT_CONVERSION = YES;
				CLANG_WARN_DIRECT_OBJC_ISA_USAGE = YES_ERROR;
				CLANG_WARN_DOCUMENTATION_COMMENTS = YES;
				CLANG_WARN_EMPTY_BODY = YES;
				CLANG_WARN_ENUM_CONVERSION = YES;
				CLANG_WARN_INFINITE_RECURSION = YES;
				CLANG_WARN_INT_CONVERSION = YES;
				CLANG_WARN_OBJC_ROOT_CLASS = YES_ERROR;
				CLANG_WARN_SUSPICIOUS_MOVE = YES;
				CLANG_WARN_UNREACHABLE_CODE = YES;
				CLANG_WARN__DUPLICATE_METHOD_MATCH = YES;
				"CODE_SIGN_IDENTITY[sdk=iphoneos*]" = "iPhone Developer";
				COPY_PHASE_STRIP = NO;
				DEBUG_INFORMATION_FORMAT = "dwarf-with-dsym";
				ENABLE_NS_ASSERTIONS = NO;
				ENABLE_STRICT_OBJC_MSGSEND = YES;
				GCC_C_LANGUAGE_STANDARD = gnu99;
				GCC_NO_COMMON_BLOCKS = YES;
				GCC_WARN_64_TO_32_BIT_CONVERSION = YES;
				GCC_WARN_ABOUT_RETURN_TYPE = YES_ERROR;
				GCC_WARN_UNDECLARED_SELECTOR = YES;
				GCC_WARN_UNINITIALIZED_AUTOS = YES_AGGRESSIVE;
				GCC_WARN_UNUSED_FUNCTION = YES;
				GCC_WARN_UNUSED_VARIABLE = YES;
				IPHONEOS_DEPLOYMENT_TARGET = 10.2;
				MTL_ENABLE_DEBUG_INFO = NO;
				SDKROOT = iphoneos;
				VALIDATE_PRODUCT = YES;
			};
			name = Release;
		};
		1E6F55A51FA2479600CE214D /* Debug */ = {
			isa = XCBuildConfiguration;
			baseConfigurationReference = CA900A790CC58E4D61FBF87A /* Pods-World Traveler.debug.xcconfig */;
			buildSettings = {
				ASSETCATALOG_COMPILER_APPICON_NAME = AppIcon;
				DEVELOPMENT_TEAM = 3M8U7DTM95;
				INFOPLIST_FILE = "World Traveler/Info.plist";
				LD_RUNPATH_SEARCH_PATHS = "$(inherited) @executable_path/Frameworks";
				PRODUCT_BUNDLE_IDENTIFIER = "com.murarivarma.World-Traveler";
				PRODUCT_NAME = "$(TARGET_NAME)";
			};
			name = Debug;
		};
		1E6F55A61FA2479600CE214D /* Release */ = {
			isa = XCBuildConfiguration;
			baseConfigurationReference = 15FF738B07CA02052D233E64 /* Pods-World Traveler.release.xcconfig */;
			buildSettings = {
				ASSETCATALOG_COMPILER_APPICON_NAME = AppIcon;
				DEVELOPMENT_TEAM = 3M8U7DTM95;
				INFOPLIST_FILE = "World Traveler/Info.plist";
				LD_RUNPATH_SEARCH_PATHS = "$(inherited) @executable_path/Frameworks";
				PRODUCT_BUNDLE_IDENTIFIER = "com.murarivarma.World-Traveler";
				PRODUCT_NAME = "$(TARGET_NAME)";
			};
			name = Release;
		};
/* End XCBuildConfiguration section */

/* Begin XCConfigurationList section */
		1E6F55881FA2479500CE214D /* Build configuration list for PBXProject "World Traveler" */ = {
			isa = XCConfigurationList;
			buildConfigurations = (
				1E6F55A21FA2479600CE214D /* Debug */,
				1E6F55A31FA2479600CE214D /* Release */,
			);
			defaultConfigurationIsVisible = 0;
			defaultConfigurationName = Release;
		};
		1E6F55A41FA2479600CE214D /* Build configuration list for PBXNativeTarget "World Traveler" */ = {
			isa = XCConfigurationList;
			buildConfigurations = (
				1E6F55A51FA2479600CE214D /* Debug */,
				1E6F55A61FA2479600CE214D /* Release */,
			);
			defaultConfigurationIsVisible = 0;
			defaultConfigurationName = Release;
		};
/* End XCConfigurationList section */

/* Begin XCVersionGroup section */
		1E7547441FA3451C00739368 /* WorldTravelerModel.xcdatamodeld */ = {
			isa = XCVersionGroup;
			children = (
				1E7547451FA3451C00739368 /* WorldTravelerModel.xcdatamodel */,
			);
			currentVersion = 1E7547451FA3451C00739368 /* WorldTravelerModel.xcdatamodel */;
			path = WorldTravelerModel.xcdatamodeld;
			sourceTree = "<group>";
			versionGroupType = wrapper.xcdatamodel;
		};
/* End XCVersionGroup section */
	};
	rootObject = 1E6F55851FA2479500CE214D /* Project object */;
}
